Microsoft Visual Studio Solution File, Format Version 12.00
# Visual Studio 2012
Project("{FAE04EC0-301F-11D3-BF4B-00C04F79EFBC}") = "click-game", "click-game.csproj", "{DA4BC812-DCC4-4E91-9190-4187B789400D}"
EndProject
Global
	GlobalSection(SolutionConfigurationPlatforms) = preSolution
	Debug|Any CPU = Debug|Any CPU
	ExportDebug|Any CPU = ExportDebug|Any CPU
	ExportRelease|Any CPU = ExportRelease|Any CPU
	EndGlobalSection
	GlobalSection(ProjectConfigurationPlatforms) = postSolution
		{DA4BC812-DCC4-4E91-9190-4187B789400D}.Debug|Any CPU.ActiveCfg = Debug|Any CPU
		{DA4BC812-DCC4-4E91-9190-4187B789400D}.Debug|Any CPU.Build.0 = Debug|Any CPU
		{DA4BC812-DCC4-4E91-9190-4187B789400D}.ExportDebug|Any CPU.ActiveCfg = ExportDebug|Any CPU
		{DA4BC812-DCC4-4E91-9190-4187B789400D}.ExportDebug|Any CPU.Build.0 = ExportDebug|Any CPU
		{DA4BC812-DCC4-4E91-9190-4187B789400D}.ExportRelease|Any CPU.ActiveCfg = ExportRelease|Any CPU
		{DA4BC812-DCC4-4E91-9190-4187B789400D}.ExportRelease|Any CPU.Build.0 = ExportRelease|Any CPU
	EndGlobalSection
EndGlobal
